Microsoft Visual Studio Solution File, Format Version 12.00
# Visual Studio Version 16
VisualStudioVersion = 16.0.29806.167
MinimumVisualStudioVersion = 10.0.40219.1
Project("{9A19103F-16F7-4668-BE54-9A1E7A4F7556}") = "TetraPak.Auth.Xamarin", "TetraPak.Auth.Xamarin\TetraPak.Auth.Xamarin.csproj", "{EE52C397-0253-4C6F-B128-F6C0F02526FC}"
EndProject
Project("{FAE04EC0-301F-11D3-BF4B-00C04F79EFBC}") = "TetraPak.Auth.Xamarin.iOS", "TetraPak.Auth.Xamarin.iOS\TetraPak.Auth.Xamarin.iOS.csproj", "{5BAEC876-8BD9-4773-B019-6538CBE872B3}"
EndProject
Project("{FAE04EC0-301F-11D3-BF4B-00C04F79EFBC}") = "TetraPak.Auth.Xamarin.Android", "TetraPak.Auth.Xamarin.Android\TetraPak.Auth.Xamarin.Android.csproj", "{C8F6AE96-FCC1-4BFE-A8A8-C15A9D652225}"
EndProject
Project("{2150E333-8FDC-42A3-9474-1A3956D46DE8}") = "testClients", "testClients", "{EF61BCB0-D932-4728-BF2E-44242EB506F1}"
EndProject
Project("{9A19103F-16F7-4668-BE54-9A1E7A4F7556}") = "authClient", "testClients\authClient\authClient.csproj", "{4D7E9698-A348-4BB9-BD7E-0F7C186957C6}"
EndProject
Project("{FAE04EC0-301F-11D3-BF4B-00C04F79EFBC}") = "authClient.android", "testClients\authClient.android\authClient.android.csproj", "{13499E8A-F932-42C4-B0B8-1360CDB0D575}"
EndProject
Project("{FAE04EC0-301F-11D3-BF4B-00C04F79EFBC}") = "authClient.ios", "testClients\authClient.ios\authClient.ios.csproj", "{C4C17DAF-21A6-4801-8D85-BA14B453DD8A}"
EndProject
Project("{FAE04EC0-301F-11D3-BF4B-00C04F79EFBC}") = "TetraPak.Auth.Xamarin.UWP", "TetraPak.Auth.Xamarin.UWP\TetraPak.Auth.Xamarin.UWP.csproj", "{BEB06AB9-03A8-4815-9717-004B801D8449}"
EndProject
Project("{FAE04EC0-301F-11D3-BF4B-00C04F79EFBC}") = "authClient.uwp", "testClients\authClient.uwp\authClient.uwp.csproj", "{2047EEEF-41B8-4788-AA9D-04BA6293F107}"
EndProject
Project("{9A19103F-16F7-4668-BE54-9A1E7A4F7556}") = "NuGet", "NuGet\NuGet.csproj", "{C0DF0F16-6025-405F-95A0-DF9A0E995B65}"
	ProjectSection(ProjectDependencies) = postProject
		{5BAEC876-8BD9-4773-B019-6538CBE872B3} = {5BAEC876-8BD9-4773-B019-6538CBE872B3}
		{C8F6AE96-FCC1-4BFE-A8A8-C15A9D652225} = {C8F6AE96-FCC1-4BFE-A8A8-C15A9D652225}
		{EE52C397-0253-4C6F-B128-F6C0F02526FC} = {EE52C397-0253-4C6F-B128-F6C0F02526FC}
		{BEB06AB9-03A8-4815-9717-004B801D8449} = {BEB06AB9-03A8-4815-9717-004B801D8449}
	EndProjectSection
EndProject
Project("{2150E333-8FDC-42A3-9474-1A3956D46DE8}") = "Solution Items", "Solution Items", "{70611AF4-0264-4881-82FF-3643249AEF62}"
	ProjectSection(SolutionItems) = preProject
		..\README.md = ..\README.md
	EndProjectSection
EndProject
Project("{FAE04EC0-301F-11D3-BF4B-00C04F79EFBC}") = "TetraPak.Auth.Xamarin.Tests", "testProjects\TetraPak.Auth.Xamarin.Tests\TetraPak.Auth.Xamarin.Tests.csproj", "{BABCE468-E34B-46AA-9F12-A7B4408F8C7B}"
EndProject
Project("{2150E333-8FDC-42A3-9474-1A3956D46DE8}") = "testProjects", "testProjects", "{501AF58F-DFC6-47B6-808D-2DDC60003443}"
EndProject
Global
	GlobalSection(SolutionConfigurationPlatforms) = preSolution
		Ad-Hoc|Any CPU = Ad-Hoc|Any CPU
		Ad-Hoc|ARM = Ad-Hoc|ARM
		Ad-Hoc|ARM64 = Ad-Hoc|ARM64
		Ad-Hoc|iPhone = Ad-Hoc|iPhone
		Ad-Hoc|iPhoneSimulator = Ad-Hoc|iPhoneSimulator
		Ad-Hoc|x64 = Ad-Hoc|x64
		Ad-Hoc|x86 = Ad-Hoc|x86
		AppStore|Any CPU = AppStore|Any CPU
		AppStore|ARM = AppStore|ARM
		AppStore|ARM64 = AppStore|ARM64
		AppStore|iPhone = AppStore|iPhone
		AppStore|iPhoneSimulator = AppStore|iPhoneSimulator
		AppStore|x64 = AppStore|x64
		AppStore|x86 = AppStore|x86
		Debug|Any CPU = Debug|Any CPU
		Debug|ARM = Debug|ARM
		Debug|ARM64 = Debug|ARM64
		Debug|iPhone = Debug|iPhone
		Debug|iPhoneSimulator = Debug|iPhoneSimulator
		Debug|x64 = Debug|x64
		Debug|x86 = Debug|x86
		Release|Any CPU = Release|Any CPU
		Release|ARM = Release|ARM
		Release|ARM64 = Release|ARM64
		Release|iPhone = Release|iPhone
		Release|iPhoneSimulator = Release|iPhoneSimulator
		Release|x64 = Release|x64
		Release|x86 = Release|x86
	EndGlobalSection
	GlobalSection(ProjectConfigurationPlatforms) = postSolution
		{EE52C397-0253-4C6F-B128-F6C0F02526FC}.Ad-Hoc|Any CPU.ActiveCfg = Release|Any CPU
		{EE52C397-0253-4C6F-B128-F6C0F02526FC}.Ad-Hoc|Any CPU.Build.0 = Release|Any CPU
		{EE52C397-0253-4C6F-B128-F6C0F02526FC}.Ad-Hoc|ARM.ActiveCfg = Debug|Any CPU
		{EE52C397-0253-4C6F-B128-F6C0F02526FC}.Ad-Hoc|ARM.Build.0 = Debug|Any CPU
		{EE52C397-0253-4C6F-B128-F6C0F02526FC}.Ad-Hoc|ARM64.ActiveCfg = Debug|Any CPU
		{EE52C397-0253-4C6F-B128-F6C0F02526FC}.Ad-Hoc|ARM64.Build.0 = Debug|Any CPU
		{EE52C397-0253-4C6F-B128-F6C0F02526FC}.Ad-Hoc|iPhone.ActiveCfg = Debug|Any CPU
		{EE52C397-0253-4C6F-B128-F6C0F02526FC}.Ad-Hoc|iPhone.Build.0 = Debug|Any CPU
		{EE52C397-0253-4C6F-B128-F6C0F02526FC}.Ad-Hoc|iPhoneSimulator.ActiveCfg = Release|Any CPU
		{EE52C397-0253-4C6F-B128-F6C0F02526FC}.Ad-Hoc|iPhoneSimulator.Build.0 = Release|Any CPU
		{EE52C397-0253-4C6F-B128-F6C0F02526FC}.Ad-Hoc|x64.ActiveCfg = Debug|Any CPU
		{EE52C397-0253-4C6F-B128-F6C0F02526FC}.Ad-Hoc|x64.Build.0 = Debug|Any CPU
		{EE52C397-0253-4C6F-B128-F6C0F02526FC}.Ad-Hoc|x86.ActiveCfg = Debug|Any CPU
		{EE52C397-0253-4C6F-B128-F6C0F02526FC}.Ad-Hoc|x86.Build.0 = Debug|Any CPU
		{EE52C397-0253-4C6F-B128-F6C0F02526FC}.AppStore|Any CPU.ActiveCfg = Release|Any CPU
		{EE52C397-0253-4C6F-B128-F6C0F02526FC}.AppStore|Any CPU.Build.0 = Release|Any CPU
		{EE52C397-0253-4C6F-B128-F6C0F02526FC}.AppStore|ARM.ActiveCfg = Debug|Any CPU
		{EE52C397-0253-4C6F-B128-F6C0F02526FC}.AppStore|ARM.Build.0 = Debug|Any CPU
		{EE52C397-0253-4C6F-B128-F6C0F02526FC}.AppStore|ARM64.ActiveCfg = Debug|Any CPU
		{EE52C397-0253-4C6F-B128-F6C0F02526FC}.AppStore|ARM64.Build.0 = Debug|Any CPU
		{EE52C397-0253-4C6F-B128-F6C0F02526FC}.AppStore|iPhone.ActiveCfg = Debug|Any CPU
		{EE52C397-0253-4C6F-B128-F6C0F02526FC}.AppStore|iPhone.Build.0 = Debug|Any CPU
		{EE52C397-0253-4C6F-B128-F6C0F02526FC}.AppStore|iPhoneSimulator.ActiveCfg = Release|Any CPU
		{EE52C397-0253-4C6F-B128-F6C0F02526FC}.AppStore|iPhoneSimulator.Build.0 = Release|Any CPU
		{EE52C397-0253-4C6F-B128-F6C0F02526FC}.AppStore|x64.ActiveCfg = Debug|Any CPU
		{EE52C397-0253-4C6F-B128-F6C0F02526FC}.AppStore|x64.Build.0 = Debug|Any CPU
		{EE52C397-0253-4C6F-B128-F6C0F02526FC}.AppStore|x86.ActiveCfg = Debug|Any CPU
		{EE52C397-0253-4C6F-B128-F6C0F02526FC}.AppStore|x86.Build.0 = Debug|Any CPU
		{EE52C397-0253-4C6F-B128-F6C0F02526FC}.Debug|Any CPU.ActiveCfg = Debug|Any CPU
		{EE52C397-0253-4C6F-B128-F6C0F02526FC}.Debug|Any CPU.Build.0 = Debug|Any CPU
		{EE52C397-0253-4C6F-B128-F6C0F02526FC}.Debug|ARM.ActiveCfg = Debug|Any CPU
		{EE52C397-0253-4C6F-B128-F6C0F02526FC}.Debug|ARM.Build.0 = Debug|Any CPU
		{EE52C397-0253-4C6F-B128-F6C0F02526FC}.Debug|ARM64.ActiveCfg = Debug|Any CPU
		{EE52C397-0253-4C6F-B128-F6C0F02526FC}.Debug|ARM64.Build.0 = Debug|Any CPU
		{EE52C397-0253-4C6F-B128-F6C0F02526FC}.Debug|iPhone.ActiveCfg = Debug|Any CPU
		{EE52C397-0253-4C6F-B128-F6C0F02526FC}.Debug|iPhone.Build.0 = Debug|Any CPU
		{EE52C397-0253-4C6F-B128-F6C0F02526FC}.Debug|iPhoneSimulator.ActiveCfg = Debug|Any CPU
		{EE52C397-0253-4C6F-B128-F6C0F02526FC}.Debug|iPhoneSimulator.Build.0 = Debug|Any CPU
		{EE52C397-0253-4C6F-B128-F6C0F02526FC}.Debug|x64.ActiveCfg = Debug|Any CPU
		{EE52C397-0253-4C6F-B128-F6C0F02526FC}.Debug|x64.Build.0 = Debug|Any CPU
		{EE52C397-0253-4C6F-B128-F6C0F02526FC}.Debug|x86.ActiveCfg = Debug|Any CPU
		{EE52C397-0253-4C6F-B128-F6C0F02526FC}.Debug|x86.Build.0 = Debug|Any CPU
		{EE52C397-0253-4C6F-B128-F6C0F02526FC}.Release|Any CPU.ActiveCfg = Release|Any CPU
		{EE52C397-0253-4C6F-B128-F6C0F02526FC}.Release|Any CPU.Build.0 = Release|Any CPU
		{EE52C397-0253-4C6F-B128-F6C0F02526FC}.Release|ARM.ActiveCfg = Release|Any CPU
		{EE52C397-0253-4C6F-B128-F6C0F02526FC}.Release|ARM.Build.0 = Release|Any CPU
		{EE52C397-0253-4C6F-B128-F6C0F02526FC}.Release|ARM64.ActiveCfg = Release|Any CPU
		{EE52C397-0253-4C6F-B128-F6C0F02526FC}.Release|ARM64.Build.0 = Release|Any CPU
		{EE52C397-0253-4C6F-B128-F6C0F02526FC}.Release|iPhone.ActiveCfg = Release|Any CPU
		{EE52C397-0253-4C6F-B128-F6C0F02526FC}.Release|iPhone.Build.0 = Release|Any CPU
		{EE52C397-0253-4C6F-B128-F6C0F02526FC}.Release|iPhoneSimulator.ActiveCfg = Release|Any CPU
		{EE52C397-0253-4C6F-B128-F6C0F02526FC}.Release|iPhoneSimulator.Build.0 = Release|Any CPU
		{EE52C397-0253-4C6F-B128-F6C0F02526FC}.Release|x64.ActiveCfg = Release|Any CPU
		{EE52C397-0253-4C6F-B128-F6C0F02526FC}.Release|x64.Build.0 = Release|Any CPU
		{EE52C397-0253-4C6F-B128-F6C0F02526FC}.Release|x86.ActiveCfg = Release|Any CPU
		{EE52C397-0253-4C6F-B128-F6C0F02526FC}.Release|x86.Build.0 = Release|Any CPU
		{5BAEC876-8BD9-4773-B019-6538CBE872B3}.Ad-Hoc|Any CPU.ActiveCfg = Release|Any CPU
		{5BAEC876-8BD9-4773-B019-6538CBE872B3}.Ad-Hoc|Any CPU.Build.0 = Release|Any CPU
		{5BAEC876-8BD9-4773-B019-6538CBE872B3}.Ad-Hoc|ARM.ActiveCfg = Debug|Any CPU
		{5BAEC876-8BD9-4773-B019-6538CBE872B3}.Ad-Hoc|ARM.Build.0 = Debug|Any CPU
		{5BAEC876-8BD9-4773-B019-6538CBE872B3}.Ad-Hoc|ARM64.ActiveCfg = Debug|Any CPU
		{5BAEC876-8BD9-4773-B019-6538CBE872B3}.Ad-Hoc|ARM64.Build.0 = Debug|Any CPU
		{5BAEC876-8BD9-4773-B019-6538CBE872B3}.Ad-Hoc|iPhone.ActiveCfg = Debug|Any CPU
		{5BAEC876-8BD9-4773-B019-6538CBE872B3}.Ad-Hoc|iPhone.Build.0 = Debug|Any CPU
		{5BAEC876-8BD9-4773-B019-6538CBE872B3}.Ad-Hoc|iPhoneSimulator.ActiveCfg = Release|Any CPU
		{5BAEC876-8BD9-4773-B019-6538CBE872B3}.Ad-Hoc|iPhoneSimulator.Build.0 = Release|Any CPU
		{5BAEC876-8BD9-4773-B019-6538CBE872B3}.Ad-Hoc|x64.ActiveCfg = Debug|Any CPU
		{5BAEC876-8BD9-4773-B019-6538CBE872B3}.Ad-Hoc|x64.Build.0 = Debug|Any CPU
		{5BAEC876-8BD9-4773-B019-6538CBE872B3}.Ad-Hoc|x86.ActiveCfg = Debug|Any CPU
		{5BAEC876-8BD9-4773-B019-6538CBE872B3}.Ad-Hoc|x86.Build.0 = Debug|Any CPU
		{5BAEC876-8BD9-4773-B019-6538CBE872B3}.AppStore|Any CPU.ActiveCfg = Release|Any CPU
		{5BAEC876-8BD9-4773-B019-6538CBE872B3}.AppStore|Any CPU.Build.0 = Release|Any CPU
		{5BAEC876-8BD9-4773-B019-6538CBE872B3}.AppStore|ARM.ActiveCfg = Debug|Any CPU
		{5BAEC876-8BD9-4773-B019-6538CBE872B3}.AppStore|ARM.Build.0 = Debug|Any CPU
		{5BAEC876-8BD9-4773-B019-6538CBE872B3}.AppStore|ARM64.ActiveCfg = Debug|Any CPU
		{5BAEC876-8BD9-4773-B019-6538CBE872B3}.AppStore|ARM64.Build.0 = Debug|Any CPU
		{5BAEC876-8BD9-4773-B019-6538CBE872B3}.AppStore|iPhone.ActiveCfg = Debug|Any CPU
		{5BAEC876-8BD9-4773-B019-6538CBE872B3}.AppStore|iPhone.Build.0 = Debug|Any CPU
		{5BAEC876-8BD9-4773-B019-6538CBE872B3}.AppStore|iPhoneSimulator.ActiveCfg = Release|Any CPU
		{5BAEC876-8BD9-4773-B019-6538CBE872B3}.AppStore|iPhoneSimulator.Build.0 = Release|Any CPU
		{5BAEC876-8BD9-4773-B019-6538CBE872B3}.AppStore|x64.ActiveCfg = Debug|Any CPU
		{5BAEC876-8BD9-4773-B019-6538CBE872B3}.AppStore|x64.Build.0 = Debug|Any CPU
		{5BAEC876-8BD9-4773-B019-6538CBE872B3}.AppStore|x86.ActiveCfg = Debug|Any CPU
		{5BAEC876-8BD9-4773-B019-6538CBE872B3}.AppStore|x86.Build.0 = Debug|Any CPU
		{5BAEC876-8BD9-4773-B019-6538CBE872B3}.Debug|Any CPU.ActiveCfg = Debug|Any CPU
		{5BAEC876-8BD9-4773-B019-6538CBE872B3}.Debug|Any CPU.Build.0 = Debug|Any CPU
		{5BAEC876-8BD9-4773-B019-6538CBE872B3}.Debug|ARM.ActiveCfg = Debug|Any CPU
		{5BAEC876-8BD9-4773-B019-6538CBE872B3}.Debug|ARM.Build.0 = Debug|Any CPU
		{5BAEC876-8BD9-4773-B019-6538CBE872B3}.Debug|ARM64.ActiveCfg = Debug|Any CPU
		{5BAEC876-8BD9-4773-B019-6538CBE872B3}.Debug|ARM64.Build.0 = Debug|Any CPU
		{5BAEC876-8BD9-4773-B019-6538CBE872B3}.Debug|iPhone.ActiveCfg = Debug|Any CPU
		{5BAEC876-8BD9-4773-B019-6538CBE872B3}.Debug|iPhone.Build.0 = Debug|Any CPU
		{5BAEC876-8BD9-4773-B019-6538CBE872B3}.Debug|iPhoneSimulator.ActiveCfg = Debug|Any CPU
		{5BAEC876-8BD9-4773-B019-6538CBE872B3}.Debug|iPhoneSimulator.Build.0 = Debug|Any CPU
		{5BAEC876-8BD9-4773-B019-6538CBE872B3}.Debug|x64.ActiveCfg = Debug|Any CPU
		{5BAEC876-8BD9-4773-B019-6538CBE872B3}.Debug|x64.Build.0 = Debug|Any CPU
		{5BAEC876-8BD9-4773-B019-6538CBE872B3}.Debug|x86.ActiveCfg = Debug|Any CPU
		{5BAEC876-8BD9-4773-B019-6538CBE872B3}.Debug|x86.Build.0 = Debug|Any CPU
		{5BAEC876-8BD9-4773-B019-6538CBE872B3}.Release|Any CPU.ActiveCfg = Release|Any CPU
		{5BAEC876-8BD9-4773-B019-6538CBE872B3}.Release|Any CPU.Build.0 = Release|Any CPU
		{5BAEC876-8BD9-4773-B019-6538CBE872B3}.Release|ARM.ActiveCfg = Release|Any CPU
		{5BAEC876-8BD9-4773-B019-6538CBE872B3}.Release|ARM.Build.0 = Release|Any CPU
		{5BAEC876-8BD9-4773-B019-6538CBE872B3}.Release|ARM64.ActiveCfg = Release|Any CPU
		{5BAEC876-8BD9-4773-B019-6538CBE872B3}.Release|ARM64.Build.0 = Release|Any CPU
		{5BAEC876-8BD9-4773-B019-6538CBE872B3}.Release|iPhone.ActiveCfg = Release|Any CPU
		{5BAEC876-8BD9-4773-B019-6538CBE872B3}.Release|iPhone.Build.0 = Release|Any CPU
		{5BAEC876-8BD9-4773-B019-6538CBE872B3}.Release|iPhoneSimulator.ActiveCfg = Release|Any CPU
		{5BAEC876-8BD9-4773-B019-6538CBE872B3}.Release|iPhoneSimulator.Build.0 = Release|Any CPU
		{5BAEC876-8BD9-4773-B019-6538CBE872B3}.Release|x64.ActiveCfg = Release|Any CPU
		{5BAEC876-8BD9-4773-B019-6538CBE872B3}.Release|x64.Build.0 = Release|Any CPU
		{5BAEC876-8BD9-4773-B019-6538CBE872B3}.Release|x86.ActiveCfg = Release|Any CPU
		{5BAEC876-8BD9-4773-B019-6538CBE872B3}.Release|x86.Build.0 = Release|Any CPU
		{C8F6AE96-FCC1-4BFE-A8A8-C15A9D652225}.Ad-Hoc|Any CPU.ActiveCfg = Release|Any CPU
		{C8F6AE96-FCC1-4BFE-A8A8-C15A9D652225}.Ad-Hoc|Any CPU.Build.0 = Release|Any CPU
		{C8F6AE96-FCC1-4BFE-A8A8-C15A9D652225}.Ad-Hoc|ARM.ActiveCfg = Debug|Any CPU
		{C8F6AE96-FCC1-4BFE-A8A8-C15A9D652225}.Ad-Hoc|ARM.Build.0 = Debug|Any CPU
		{C8F6AE96-FCC1-4BFE-A8A8-C15A9D652225}.Ad-Hoc|ARM64.ActiveCfg = Debug|Any CPU
		{C8F6AE96-FCC1-4BFE-A8A8-C15A9D652225}.Ad-Hoc|ARM64.Build.0 = Debug|Any CPU
		{C8F6AE96-FCC1-4BFE-A8A8-C15A9D652225}.Ad-Hoc|iPhone.ActiveCfg = Debug|Any CPU
		{C8F6AE96-FCC1-4BFE-A8A8-C15A9D652225}.Ad-Hoc|iPhone.Build.0 = Debug|Any CPU
		{C8F6AE96-FCC1-4BFE-A8A8-C15A9D652225}.Ad-Hoc|iPhoneSimulator.ActiveCfg = Release|Any CPU
		{C8F6AE96-FCC1-4BFE-A8A8-C15A9D652225}.Ad-Hoc|iPhoneSimulator.Build.0 = Release|Any CPU
		{C8F6AE96-FCC1-4BFE-A8A8-C15A9D652225}.Ad-Hoc|x64.ActiveCfg = Debug|Any CPU
		{C8F6AE96-FCC1-4BFE-A8A8-C15A9D652225}.Ad-Hoc|x64.Build.0 = Debug|Any CPU
		{C8F6AE96-FCC1-4BFE-A8A8-C15A9D652225}.Ad-Hoc|x86.ActiveCfg = Debug|Any CPU
		{C8F6AE96-FCC1-4BFE-A8A8-C15A9D652225}.Ad-Hoc|x86.Build.0 = Debug|Any CPU
		{C8F6AE96-FCC1-4BFE-A8A8-C15A9D652225}.AppStore|Any CPU.ActiveCfg = Release|Any CPU
		{C8F6AE96-FCC1-4BFE-A8A8-C15A9D652225}.AppStore|Any CPU.Build.0 = Release|Any CPU
		{C8F6AE96-FCC1-4BFE-A8A8-C15A9D652225}.AppStore|ARM.ActiveCfg = Debug|Any CPU
		{C8F6AE96-FCC1-4BFE-A8A8-C15A9D652225}.AppStore|ARM.Build.0 = Debug|Any CPU
		{C8F6AE96-FCC1-4BFE-A8A8-C15A9D652225}.AppStore|ARM64.ActiveCfg = Debug|Any CPU
		{C8F6AE96-FCC1-4BFE-A8A8-C15A9D652225}.AppStore|ARM64.Build.0 = Debug|Any CPU
		{C8F6AE96-FCC1-4BFE-A8A8-C15A9D652225}.AppStore|iPhone.ActiveCfg = Debug|Any CPU
		{C8F6AE96-FCC1-4BFE-A8A8-C15A9D652225}.AppStore|iPhone.Build.0 = Debug|Any CPU
		{C8F6AE96-FCC1-4BFE-A8A8-C15A9D652225}.AppStore|iPhoneSimulator.ActiveCfg = Release|Any CPU
		{C8F6AE96-FCC1-4BFE-A8A8-C15A9D652225}.AppStore|iPhoneSimulator.Build.0 = Release|Any CPU
		{C8F6AE96-FCC1-4BFE-A8A8-C15A9D652225}.AppStore|x64.ActiveCfg = Debug|Any CPU
		{C8F6AE96-FCC1-4BFE-A8A8-C15A9D652225}.AppStore|x64.Build.0 = Debug|Any CPU
		{C8F6AE96-FCC1-4BFE-A8A8-C15A9D652225}.AppStore|x86.ActiveCfg = Debug|Any CPU
		{C8F6AE96-FCC1-4BFE-A8A8-C15A9D652225}.AppStore|x86.Build.0 = Debug|Any CPU
		{C8F6AE96-FCC1-4BFE-A8A8-C15A9D652225}.Debug|Any CPU.ActiveCfg = Debug|Any CPU
		{C8F6AE96-FCC1-4BFE-A8A8-C15A9D652225}.Debug|Any CPU.Build.0 = Debug|Any CPU
		{C8F6AE96-FCC1-4BFE-A8A8-C15A9D652225}.Debug|ARM.ActiveCfg = Debug|Any CPU
		{C8F6AE96-FCC1-4BFE-A8A8-C15A9D652225}.Debug|ARM.Build.0 = Debug|Any CPU
		{C8F6AE96-FCC1-4BFE-A8A8-C15A9D652225}.Debug|ARM64.ActiveCfg = Debug|Any CPU
		{C8F6AE96-FCC1-4BFE-A8A8-C15A9D652225}.Debug|ARM64.Build.0 = Debug|Any CPU
		{C8F6AE96-FCC1-4BFE-A8A8-C15A9D652225}.Debug|iPhone.ActiveCfg = Debug|Any CPU
		{C8F6AE96-FCC1-4BFE-A8A8-C15A9D652225}.Debug|iPhone.Build.0 = Debug|Any CPU
		{C8F6AE96-FCC1-4BFE-A8A8-C15A9D652225}.Debug|iPhoneSimulator.ActiveCfg = Debug|Any CPU
		{C8F6AE96-FCC1-4BFE-A8A8-C15A9D652225}.Debug|iPhoneSimulator.Build.0 = Debug|Any CPU
		{C8F6AE96-FCC1-4BFE-A8A8-C15A9D652225}.Debug|x64.ActiveCfg = Debug|Any CPU
		{C8F6AE96-FCC1-4BFE-A8A8-C15A9D652225}.Debug|x64.Build.0 = Debug|Any CPU
		{C8F6AE96-FCC1-4BFE-A8A8-C15A9D652225}.Debug|x86.ActiveCfg = Debug|Any CPU
		{C8F6AE96-FCC1-4BFE-A8A8-C15A9D652225}.Debug|x86.Build.0 = Debug|Any CPU
		{C8F6AE96-FCC1-4BFE-A8A8-C15A9D652225}.Release|Any CPU.ActiveCfg = Release|Any CPU
		{C8F6AE96-FCC1-4BFE-A8A8-C15A9D652225}.Release|Any CPU.Build.0 = Release|Any CPU
		{C8F6AE96-FCC1-4BFE-A8A8-C15A9D652225}.Release|ARM.ActiveCfg = Release|Any CPU
		{C8F6AE96-FCC1-4BFE-A8A8-C15A9D652225}.Release|ARM.Build.0 = Release|Any CPU
		{C8F6AE96-FCC1-4BFE-A8A8-C15A9D652225}.Release|ARM64.ActiveCfg = Release|Any CPU
		{C8F6AE96-FCC1-4BFE-A8A8-C15A9D652225}.Release|ARM64.Build.0 = Release|Any CPU
		{C8F6AE96-FCC1-4BFE-A8A8-C15A9D652225}.Release|iPhone.ActiveCfg = Release|Any CPU
		{C8F6AE96-FCC1-4BFE-A8A8-C15A9D652225}.Release|iPhone.Build.0 = Release|Any CPU
		{C8F6AE96-FCC1-4BFE-A8A8-C15A9D652225}.Release|iPhoneSimulator.ActiveCfg = Release|Any CPU
		{C8F6AE96-FCC1-4BFE-A8A8-C15A9D652225}.Release|iPhoneSimulator.Build.0 = Release|Any CPU
		{C8F6AE96-FCC1-4BFE-A8A8-C15A9D652225}.Release|x64.ActiveCfg = Release|Any CPU
		{C8F6AE96-FCC1-4BFE-A8A8-C15A9D652225}.Release|x64.Build.0 = Release|Any CPU
		{C8F6AE96-FCC1-4BFE-A8A8-C15A9D652225}.Release|x86.ActiveCfg = Release|Any CPU
		{C8F6AE96-FCC1-4BFE-A8A8-C15A9D652225}.Release|x86.Build.0 = Release|Any CPU
		{4D7E9698-A348-4BB9-BD7E-0F7C186957C6}.Ad-Hoc|Any CPU.ActiveCfg = Release|Any CPU
		{4D7E9698-A348-4BB9-BD7E-0F7C186957C6}.Ad-Hoc|Any CPU.Build.0 = Release|Any CPU
		{4D7E9698-A348-4BB9-BD7E-0F7C186957C6}.Ad-Hoc|ARM.ActiveCfg = Debug|Any CPU
		{4D7E9698-A348-4BB9-BD7E-0F7C186957C6}.Ad-Hoc|ARM.Build.0 = Debug|Any CPU
		{4D7E9698-A348-4BB9-BD7E-0F7C186957C6}.Ad-Hoc|ARM64.ActiveCfg = Debug|Any CPU
		{4D7E9698-A348-4BB9-BD7E-0F7C186957C6}.Ad-Hoc|ARM64.Build.0 = Debug|Any CPU
		{4D7E9698-A348-4BB9-BD7E-0F7C186957C6}.Ad-Hoc|iPhone.ActiveCfg = Debug|Any CPU
		{4D7E9698-A348-4BB9-BD7E-0F7C186957C6}.Ad-Hoc|iPhone.Build.0 = Debug|Any CPU
		{4D7E9698-A348-4BB9-BD7E-0F7C186957C6}.Ad-Hoc|iPhoneSimulator.ActiveCfg = Release|Any CPU
		{4D7E9698-A348-4BB9-BD7E-0F7C186957C6}.Ad-Hoc|iPhoneSimulator.Build.0 = Release|Any CPU
		{4D7E9698-A348-4BB9-BD7E-0F7C186957C6}.Ad-Hoc|x64.ActiveCfg = Debug|Any CPU
		{4D7E9698-A348-4BB9-BD7E-0F7C186957C6}.Ad-Hoc|x64.Build.0 = Debug|Any CPU
		{4D7E9698-A348-4BB9-BD7E-0F7C186957C6}.Ad-Hoc|x86.ActiveCfg = Debug|Any CPU
		{4D7E9698-A348-4BB9-BD7E-0F7C186957C6}.Ad-Hoc|x86.Build.0 = Debug|Any CPU
		{4D7E9698-A348-4BB9-BD7E-0F7C186957C6}.AppStore|Any CPU.ActiveCfg = Release|Any CPU
		{4D7E9698-A348-4BB9-BD7E-0F7C186957C6}.AppStore|Any CPU.Build.0 = Release|Any CPU
		{4D7E9698-A348-4BB9-BD7E-0F7C186957C6}.AppStore|ARM.ActiveCfg = Debug|Any CPU
		{4D7E9698-A348-4BB9-BD7E-0F7C186957C6}.AppStore|ARM.Build.0 = Debug|Any CPU
		{4D7E9698-A348-4BB9-BD7E-0F7C186957C6}.AppStore|ARM64.ActiveCfg = Debug|Any CPU
		{4D7E9698-A348-4BB9-BD7E-0F7C186957C6}.AppStore|ARM64.Build.0 = Debug|Any CPU
		{4D7E9698-A348-4BB9-BD7E-0F7C186957C6}.AppStore|iPhone.ActiveCfg = Debug|Any CPU
		{4D7E9698-A348-4BB9-BD7E-0F7C186957C6}.AppStore|iPhone.Build.0 = Debug|Any CPU
		{4D7E9698-A348-4BB9-BD7E-0F7C186957C6}.AppStore|iPhoneSimulator.ActiveCfg = Release|Any CPU
		{4D7E9698-A348-4BB9-BD7E-0F7C186957C6}.AppStore|iPhoneSimulator.Build.0 = Release|Any CPU
		{4D7E9698-A348-4BB9-BD7E-0F7C186957C6}.AppStore|x64.ActiveCfg = Debug|Any CPU
		{4D7E9698-A348-4BB9-BD7E-0F7C186957C6}.AppStore|x64.Build.0 = Debug|Any CPU
		{4D7E9698-A348-4BB9-BD7E-0F7C186957C6}.AppStore|x86.ActiveCfg = Debug|Any CPU
		{4D7E9698-A348-4BB9-BD7E-0F7C186957C6}.AppStore|x86.Build.0 = Debug|Any CPU
		{4D7E9698-A348-4BB9-BD7E-0F7C186957C6}.Debug|Any CPU.ActiveCfg = Debug|Any CPU
		{4D7E9698-A348-4BB9-BD7E-0F7C186957C6}.Debug|Any CPU.Build.0 = Debug|Any CPU
		{4D7E9698-A348-4BB9-BD7E-0F7C186957C6}.Debug|ARM.ActiveCfg = Debug|Any CPU
		{4D7E9698-A348-4BB9-BD7E-0F7C186957C6}.Debug|ARM.Build.0 = Debug|Any CPU
		{4D7E9698-A348-4BB9-BD7E-0F7C186957C6}.Debug|ARM64.ActiveCfg = Debug|Any CPU
		{4D7E9698-A348-4BB9-BD7E-0F7C186957C6}.Debug|ARM64.Build.0 = Debug|Any CPU
		{4D7E9698-A348-4BB9-BD7E-0F7C186957C6}.Debug|iPhone.ActiveCfg = Debug|Any CPU
		{4D7E9698-A348-4BB9-BD7E-0F7C186957C6}.Debug|iPhone.Build.0 = Debug|Any CPU
		{4D7E9698-A348-4BB9-BD7E-0F7C186957C6}.Debug|iPhoneSimulator.ActiveCfg = Debug|Any CPU
		{4D7E9698-A348-4BB9-BD7E-0F7C186957C6}.Debug|iPhoneSimulator.Build.0 = Debug|Any CPU
		{4D7E9698-A348-4BB9-BD7E-0F7C186957C6}.Debug|x64.ActiveCfg = Debug|Any CPU
		{4D7E9698-A348-4BB9-BD7E-0F7C186957C6}.Debug|x64.Build.0 = Debug|Any CPU
		{4D7E9698-A348-4BB9-BD7E-0F7C186957C6}.Debug|x86.ActiveCfg = Debug|Any CPU
		{4D7E9698-A348-4BB9-BD7E-0F7C186957C6}.Debug|x86.Build.0 = Debug|Any CPU
		{4D7E9698-A348-4BB9-BD7E-0F7C186957C6}.Release|Any CPU.ActiveCfg = Release|Any CPU
		{4D7E9698-A348-4BB9-BD7E-0F7C186957C6}.Release|Any CPU.Build.0 = Release|Any CPU
		{4D7E9698-A348-4BB9-BD7E-0F7C186957C6}.Release|ARM.ActiveCfg = Release|Any CPU
		{4D7E9698-A348-4BB9-BD7E-0F7C186957C6}.Release|ARM.Build.0 = Release|Any CPU
		{4D7E9698-A348-4BB9-BD7E-0F7C186957C6}.Release|ARM64.ActiveCfg = Release|Any CPU
		{4D7E9698-A348-4BB9-BD7E-0F7C186957C6}.Release|ARM64.Build.0 = Release|Any CPU
		{4D7E9698-A348-4BB9-BD7E-0F7C186957C6}.Release|iPhone.ActiveCfg = Release|Any CPU
		{4D7E9698-A348-4BB9-BD7E-0F7C186957C6}.Release|iPhone.Build.0 = Release|Any CPU
		{4D7E9698-A348-4BB9-BD7E-0F7C186957C6}.Release|iPhoneSimulator.ActiveCfg = Release|Any CPU
		{4D7E9698-A348-4BB9-BD7E-0F7C186957C6}.Release|iPhoneSimulator.Build.0 = Release|Any CPU
		{4D7E9698-A348-4BB9-BD7E-0F7C186957C6}.Release|x64.ActiveCfg = Release|Any CPU
		{4D7E9698-A348-4BB9-BD7E-0F7C186957C6}.Release|x64.Build.0 = Release|Any CPU
		{4D7E9698-A348-4BB9-BD7E-0F7C186957C6}.Release|x86.ActiveCfg = Release|Any CPU
		{4D7E9698-A348-4BB9-BD7E-0F7C186957C6}.Release|x86.Build.0 = Release|Any CPU
		{13499E8A-F932-42C4-B0B8-1360CDB0D575}.Ad-Hoc|Any CPU.ActiveCfg = Release|Any CPU
		{13499E8A-F932-42C4-B0B8-1360CDB0D575}.Ad-Hoc|Any CPU.Build.0 = Release|Any CPU
		{13499E8A-F932-42C4-B0B8-1360CDB0D575}.Ad-Hoc|Any CPU.Deploy.0 = Release|Any CPU
		{13499E8A-F932-42C4-B0B8-1360CDB0D575}.Ad-Hoc|ARM.ActiveCfg = Debug|Any CPU
		{13499E8A-F932-42C4-B0B8-1360CDB0D575}.Ad-Hoc|ARM.Build.0 = Debug|Any CPU
		{13499E8A-F932-42C4-B0B8-1360CDB0D575}.Ad-Hoc|ARM.Deploy.0 = Debug|Any CPU
		{13499E8A-F932-42C4-B0B8-1360CDB0D575}.Ad-Hoc|ARM64.ActiveCfg = Debug|Any CPU
		{13499E8A-F932-42C4-B0B8-1360CDB0D575}.Ad-Hoc|ARM64.Build.0 = Debug|Any CPU
		{13499E8A-F932-42C4-B0B8-1360CDB0D575}.Ad-Hoc|ARM64.Deploy.0 = Debug|Any CPU
		{13499E8A-F932-42C4-B0B8-1360CDB0D575}.Ad-Hoc|iPhone.ActiveCfg = Debug|Any CPU
		{13499E8A-F932-42C4-B0B8-1360CDB0D575}.Ad-Hoc|iPhone.Build.0 = Debug|Any CPU
		{13499E8A-F932-42C4-B0B8-1360CDB0D575}.Ad-Hoc|iPhoneSimulator.ActiveCfg = Release|Any CPU
		{13499E8A-F932-42C4-B0B8-1360CDB0D575}.Ad-Hoc|iPhoneSimulator.Build.0 = Release|Any CPU
		{13499E8A-F932-42C4-B0B8-1360CDB0D575}.Ad-Hoc|iPhoneSimulator.Deploy.0 = Release|Any CPU
		{13499E8A-F932-42C4-B0B8-1360CDB0D575}.Ad-Hoc|x64.ActiveCfg = Debug|Any CPU
		{13499E8A-F932-42C4-B0B8-1360CDB0D575}.Ad-Hoc|x64.Build.0 = Debug|Any CPU
		{13499E8A-F932-42C4-B0B8-1360CDB0D575}.Ad-Hoc|x64.Deploy.0 = Debug|Any CPU
		{13499E8A-F932-42C4-B0B8-1360CDB0D575}.Ad-Hoc|x86.ActiveCfg = Debug|Any CPU
		{13499E8A-F932-42C4-B0B8-1360CDB0D575}.Ad-Hoc|x86.Build.0 = Debug|Any CPU
		{13499E8A-F932-42C4-B0B8-1360CDB0D575}.Ad-Hoc|x86.Deploy.0 = Debug|Any CPU
		{13499E8A-F932-42C4-B0B8-1360CDB0D575}.AppStore|Any CPU.ActiveCfg = Release|Any CPU
		{13499E8A-F932-42C4-B0B8-1360CDB0D575}.AppStore|Any CPU.Build.0 = Release|Any CPU
		{13499E8A-F932-42C4-B0B8-1360CDB0D575}.AppStore|Any CPU.Deploy.0 = Release|Any CPU
		{13499E8A-F932-42C4-B0B8-1360CDB0D575}.AppStore|ARM.ActiveCfg = Debug|Any CPU
		{13499E8A-F932-42C4-B0B8-1360CDB0D575}.AppStore|ARM.Build.0 = Debug|Any CPU
		{13499E8A-F932-42C4-B0B8-1360CDB0D575}.AppStore|ARM.Deploy.0 = Debug|Any CPU
		{13499E8A-F932-42C4-B0B8-1360CDB0D575}.AppStore|ARM64.ActiveCfg = Debug|Any CPU
		{13499E8A-F932-42C4-B0B8-1360CDB0D575}.AppStore|ARM64.Build.0 = Debug|Any CPU
		{13499E8A-F932-42C4-B0B8-1360CDB0D575}.AppStore|ARM64.Deploy.0 = Debug|Any CPU
		{13499E8A-F932-42C4-B0B8-1360CDB0D575}.AppStore|iPhone.ActiveCfg = Debug|Any CPU
		{13499E8A-F932-42C4-B0B8-1360CDB0D575}.AppStore|iPhone.Build.0 = Debug|Any CPU
		{13499E8A-F932-42C4-B0B8-1360CDB0D575}.AppStore|iPhoneSimulator.ActiveCfg = Release|Any CPU
		{13499E8A-F932-42C4-B0B8-1360CDB0D575}.AppStore|iPhoneSimulator.Build.0 = Release|Any CPU
		{13499E8A-F932-42C4-B0B8-1360CDB0D575}.AppStore|iPhoneSimulator.Deploy.0 = Release|Any CPU
		{13499E8A-F932-42C4-B0B8-1360CDB0D575}.AppStore|x64.ActiveCfg = Debug|Any CPU
		{13499E8A-F932-42C4-B0B8-1360CDB0D575}.AppStore|x64.Build.0 = Debug|Any CPU
		{13499E8A-F932-42C4-B0B8-1360CDB0D575}.AppStore|x64.Deploy.0 = Debug|Any CPU
		{13499E8A-F932-42C4-B0B8-1360CDB0D575}.AppStore|x86.ActiveCfg = Debug|Any CPU
		{13499E8A-F932-42C4-B0B8-1360CDB0D575}.AppStore|x86.Build.0 = Debug|Any CPU
		{13499E8A-F932-42C4-B0B8-1360CDB0D575}.AppStore|x86.Deploy.0 = Debug|Any CPU
		{13499E8A-F932-42C4-B0B8-1360CDB0D575}.Debug|Any CPU.ActiveCfg = Debug|Any CPU
		{13499E8A-F932-42C4-B0B8-1360CDB0D575}.Debug|Any CPU.Build.0 = Debug|Any CPU
		{13499E8A-F932-42C4-B0B8-1360CDB0D575}.Debug|Any CPU.Deploy.0 = Debug|Any CPU
		{13499E8A-F932-42C4-B0B8-1360CDB0D575}.Debug|ARM.ActiveCfg = Debug|Any CPU
		{13499E8A-F932-42C4-B0B8-1360CDB0D575}.Debug|ARM.Build.0 = Debug|Any CPU
		{13499E8A-F932-42C4-B0B8-1360CDB0D575}.Debug|ARM.Deploy.0 = Debug|Any CPU
		{13499E8A-F932-42C4-B0B8-1360CDB0D575}.Debug|ARM64.ActiveCfg = Debug|Any CPU
		{13499E8A-F932-42C4-B0B8-1360CDB0D575}.Debug|ARM64.Build.0 = Debug|Any CPU
		{13499E8A-F932-42C4-B0B8-1360CDB0D575}.Debug|ARM64.Deploy.0 = Debug|Any CPU
		{13499E8A-F932-42C4-B0B8-1360CDB0D575}.Debug|iPhone.ActiveCfg = Debug|Any CPU
		{13499E8A-F932-42C4-B0B8-1360CDB0D575}.Debug|iPhone.Build.0 = Debug|Any CPU
		{13499E8A-F932-42C4-B0B8-1360CDB0D575}.Debug|iPhoneSimulator.ActiveCfg = Debug|Any CPU
		{13499E8A-F932-42C4-B0B8-1360CDB0D575}.Debug|iPhoneSimulator.Build.0 = Debug|Any CPU
		{13499E8A-F932-42C4-B0B8-1360CDB0D575}.Debug|x64.ActiveCfg = Debug|Any CPU
		{13499E8A-F932-42C4-B0B8-1360CDB0D575}.Debug|x64.Build.0 = Debug|Any CPU
		{13499E8A-F932-42C4-B0B8-1360CDB0D575}.Debug|x64.Deploy.0 = Debug|Any CPU
		{13499E8A-F932-42C4-B0B8-1360CDB0D575}.Debug|x86.ActiveCfg = Debug|Any CPU
		{13499E8A-F932-42C4-B0B8-1360CDB0D575}.Debug|x86.Build.0 = Debug|Any CPU
		{13499E8A-F932-42C4-B0B8-1360CDB0D575}.Debug|x86.Deploy.0 = Debug|Any CPU
		{13499E8A-F932-42C4-B0B8-1360CDB0D575}.Release|Any CPU.ActiveCfg = Release|Any CPU
		{13499E8A-F932-42C4-B0B8-1360CDB0D575}.Release|Any CPU.Build.0 = Release|Any CPU
		{13499E8A-F932-42C4-B0B8-1360CDB0D575}.Release|Any CPU.Deploy.0 = Release|Any CPU
		{13499E8A-F932-42C4-B0B8-1360CDB0D575}.Release|ARM.ActiveCfg = Release|Any CPU
		{13499E8A-F932-42C4-B0B8-1360CDB0D575}.Release|ARM.Build.0 = Release|Any CPU
		{13499E8A-F932-42C4-B0B8-1360CDB0D575}.Release|ARM.Deploy.0 = Release|Any CPU
		{13499E8A-F932-42C4-B0B8-1360CDB0D575}.Release|ARM64.ActiveCfg = Release|Any CPU
		{13499E8A-F932-42C4-B0B8-1360CDB0D575}.Release|ARM64.Build.0 = Release|Any CPU
		{13499E8A-F932-42C4-B0B8-1360CDB0D575}.Release|ARM64.Deploy.0 = Release|Any CPU
		{13499E8A-F932-42C4-B0B8-1360CDB0D575}.Release|iPhone.ActiveCfg = Release|Any CPU
		{13499E8A-F932-42C4-B0B8-1360CDB0D575}.Release|iPhone.Build.0 = Release|Any CPU
		{13499E8A-F932-42C4-B0B8-1360CDB0D575}.Release|iPhoneSimulator.ActiveCfg = Release|Any CPU
		{13499E8A-F932-42C4-B0B8-1360CDB0D575}.Release|iPhoneSimulator.Build.0 = Release|Any CPU
		{13499E8A-F932-42C4-B0B8-1360CDB0D575}.Release|x64.ActiveCfg = Release|Any CPU
		{13499E8A-F932-42C4-B0B8-1360CDB0D575}.Release|x64.Build.0 = Release|Any CPU
		{13499E8A-F932-42C4-B0B8-1360CDB0D575}.Release|x64.Deploy.0 = Release|Any CPU
		{13499E8A-F932-42C4-B0B8-1360CDB0D575}.Release|x86.ActiveCfg = Release|Any CPU
		{13499E8A-F932-42C4-B0B8-1360CDB0D575}.Release|x86.Build.0 = Release|Any CPU
		{13499E8A-F932-42C4-B0B8-1360CDB0D575}.Release|x86.Deploy.0 = Release|Any CPU
		{C4C17DAF-21A6-4801-8D85-BA14B453DD8A}.Ad-Hoc|Any CPU.ActiveCfg = Ad-Hoc|iPhoneSimulator
		{C4C17DAF-21A6-4801-8D85-BA14B453DD8A}.Ad-Hoc|ARM.ActiveCfg = Ad-Hoc|iPhone
		{C4C17DAF-21A6-4801-8D85-BA14B453DD8A}.Ad-Hoc|ARM64.ActiveCfg = Ad-Hoc|iPhone
		{C4C17DAF-21A6-4801-8D85-BA14B453DD8A}.Ad-Hoc|iPhone.ActiveCfg = Ad-Hoc|iPhone
		{C4C17DAF-21A6-4801-8D85-BA14B453DD8A}.Ad-Hoc|iPhone.Build.0 = Ad-Hoc|iPhone
		{C4C17DAF-21A6-4801-8D85-BA14B453DD8A}.Ad-Hoc|iPhoneSimulator.ActiveCfg = Ad-Hoc|iPhoneSimulator
		{C4C17DAF-21A6-4801-8D85-BA14B453DD8A}.Ad-Hoc|iPhoneSimulator.Build.0 = Ad-Hoc|iPhoneSimulator
		{C4C17DAF-21A6-4801-8D85-BA14B453DD8A}.Ad-Hoc|x64.ActiveCfg = Ad-Hoc|iPhone
		{C4C17DAF-21A6-4801-8D85-BA14B453DD8A}.Ad-Hoc|x86.ActiveCfg = Ad-Hoc|iPhone
		{C4C17DAF-21A6-4801-8D85-BA14B453DD8A}.AppStore|Any CPU.ActiveCfg = AppStore|iPhoneSimulator
		{C4C17DAF-21A6-4801-8D85-BA14B453DD8A}.AppStore|ARM.ActiveCfg = AppStore|iPhone
		{C4C17DAF-21A6-4801-8D85-BA14B453DD8A}.AppStore|ARM64.ActiveCfg = AppStore|iPhone
		{C4C17DAF-21A6-4801-8D85-BA14B453DD8A}.AppStore|iPhone.ActiveCfg = AppStore|iPhone
		{C4C17DAF-21A6-4801-8D85-BA14B453DD8A}.AppStore|iPhone.Build.0 = AppStore|iPhone
		{C4C17DAF-21A6-4801-8D85-BA14B453DD8A}.AppStore|iPhoneSimulator.ActiveCfg = AppStore|iPhoneSimulator
		{C4C17DAF-21A6-4801-8D85-BA14B453DD8A}.AppStore|iPhoneSimulator.Build.0 = AppStore|iPhoneSimulator
		{C4C17DAF-21A6-4801-8D85-BA14B453DD8A}.AppStore|x64.ActiveCfg = AppStore|iPhone
		{C4C17DAF-21A6-4801-8D85-BA14B453DD8A}.AppStore|x86.ActiveCfg = AppStore|iPhone
		{C4C17DAF-21A6-4801-8D85-BA14B453DD8A}.Debug|Any CPU.ActiveCfg = Debug|iPhoneSimulator
		{C4C17DAF-21A6-4801-8D85-BA14B453DD8A}.Debug|Any CPU.Build.0 = Debug|iPhoneSimulator
		{C4C17DAF-21A6-4801-8D85-BA14B453DD8A}.Debug|ARM.ActiveCfg = Debug|iPhone
		{C4C17DAF-21A6-4801-8D85-BA14B453DD8A}.Debug|ARM64.ActiveCfg = Debug|iPhone
		{C4C17DAF-21A6-4801-8D85-BA14B453DD8A}.Debug|iPhone.ActiveCfg = Debug|iPhone
		{C4C17DAF-21A6-4801-8D85-BA14B453DD8A}.Debug|iPhone.Build.0 = Debug|iPhone
		{C4C17DAF-21A6-4801-8D85-BA14B453DD8A}.Debug|iPhoneSimulator.ActiveCfg = Debug|iPhoneSimulator
		{C4C17DAF-21A6-4801-8D85-BA14B453DD8A}.Debug|iPhoneSimulator.Build.0 = Debug|iPhoneSimulator
		{C4C17DAF-21A6-4801-8D85-BA14B453DD8A}.Debug|x64.ActiveCfg = Debug|iPhone
		{C4C17DAF-21A6-4801-8D85-BA14B453DD8A}.Debug|x86.ActiveCfg = Debug|iPhone
		{C4C17DAF-21A6-4801-8D85-BA14B453DD8A}.Release|Any CPU.ActiveCfg = Release|iPhoneSimulator
		{C4C17DAF-21A6-4801-8D85-BA14B453DD8A}.Release|Any CPU.Build.0 = Release|iPhoneSimulator
		{C4C17DAF-21A6-4801-8D85-BA14B453DD8A}.Release|ARM.ActiveCfg = Release|iPhone
		{C4C17DAF-21A6-4801-8D85-BA14B453DD8A}.Release|ARM64.ActiveCfg = Release|iPhone
		{C4C17DAF-21A6-4801-8D85-BA14B453DD8A}.Release|iPhone.ActiveCfg = Release|iPhone
		{C4C17DAF-21A6-4801-8D85-BA14B453DD8A}.Release|iPhone.Build.0 = Release|iPhone
		{C4C17DAF-21A6-4801-8D85-BA14B453DD8A}.Release|iPhoneSimulator.ActiveCfg = Release|iPhoneSimulator
		{C4C17DAF-21A6-4801-8D85-BA14B453DD8A}.Release|iPhoneSimulator.Build.0 = Release|iPhoneSimulator
		{C4C17DAF-21A6-4801-8D85-BA14B453DD8A}.Release|x64.ActiveCfg = Release|iPhone
		{C4C17DAF-21A6-4801-8D85-BA14B453DD8A}.Release|x86.ActiveCfg = Release|iPhone
		{BEB06AB9-03A8-4815-9717-004B801D8449}.Ad-Hoc|Any CPU.ActiveCfg = Release|Any CPU
		{BEB06AB9-03A8-4815-9717-004B801D8449}.Ad-Hoc|Any CPU.Build.0 = Release|Any CPU
		{BEB06AB9-03A8-4815-9717-004B801D8449}.Ad-Hoc|ARM.ActiveCfg = Release|ARM
		{BEB06AB9-03A8-4815-9717-004B801D8449}.Ad-Hoc|ARM.Build.0 = Release|ARM
		{BEB06AB9-03A8-4815-9717-004B801D8449}.Ad-Hoc|ARM64.ActiveCfg = Release|ARM64
		{BEB06AB9-03A8-4815-9717-004B801D8449}.Ad-Hoc|ARM64.Build.0 = Release|ARM64
		{BEB06AB9-03A8-4815-9717-004B801D8449}.Ad-Hoc|iPhone.ActiveCfg = Release|Any CPU
		{BEB06AB9-03A8-4815-9717-004B801D8449}.Ad-Hoc|iPhone.Build.0 = Release|Any CPU
		{BEB06AB9-03A8-4815-9717-004B801D8449}.Ad-Hoc|iPhoneSimulator.ActiveCfg = Release|Any CPU
		{BEB06AB9-03A8-4815-9717-004B801D8449}.Ad-Hoc|iPhoneSimulator.Build.0 = Release|Any CPU
		{BEB06AB9-03A8-4815-9717-004B801D8449}.Ad-Hoc|x64.ActiveCfg = Release|x64
		{BEB06AB9-03A8-4815-9717-004B801D8449}.Ad-Hoc|x64.Build.0 = Release|x64
		{BEB06AB9-03A8-4815-9717-004B801D8449}.Ad-Hoc|x86.ActiveCfg = Release|x86
		{BEB06AB9-03A8-4815-9717-004B801D8449}.Ad-Hoc|x86.Build.0 = Release|x86
		{BEB06AB9-03A8-4815-9717-004B801D8449}.AppStore|Any CPU.ActiveCfg = Release|Any CPU
		{BEB06AB9-03A8-4815-9717-004B801D8449}.AppStore|Any CPU.Build.0 = Release|Any CPU
		{BEB06AB9-03A8-4815-9717-004B801D8449}.AppStore|ARM.ActiveCfg = Release|ARM
		{BEB06AB9-03A8-4815-9717-004B801D8449}.AppStore|ARM.Build.0 = Release|ARM
		{BEB06AB9-03A8-4815-9717-004B801D8449}.AppStore|ARM64.ActiveCfg = Release|ARM64
		{BEB06AB9-03A8-4815-9717-004B801D8449}.AppStore|ARM64.Build.0 = Release|ARM64
		{BEB06AB9-03A8-4815-9717-004B801D8449}.AppStore|iPhone.ActiveCfg = Release|Any CPU
		{BEB06AB9-03A8-4815-9717-004B801D8449}.AppStore|iPhone.Build.0 = Release|Any CPU
		{BEB06AB9-03A8-4815-9717-004B801D8449}.AppStore|iPhoneSimulator.ActiveCfg = Release|Any CPU
		{BEB06AB9-03A8-4815-9717-004B801D8449}.AppStore|iPhoneSimulator.Build.0 = Release|Any CPU
		{BEB06AB9-03A8-4815-9717-004B801D8449}.AppStore|x64.ActiveCfg = Release|x64
		{BEB06AB9-03A8-4815-9717-004B801D8449}.AppStore|x64.Build.0 = Release|x64
		{BEB06AB9-03A8-4815-9717-004B801D8449}.AppStore|x86.ActiveCfg = Release|x86
		{BEB06AB9-03A8-4815-9717-004B801D8449}.AppStore|x86.Build.0 = Release|x86
		{BEB06AB9-03A8-4815-9717-004B801D8449}.Debug|Any CPU.ActiveCfg = Debug|Any CPU
		{BEB06AB9-03A8-4815-9717-004B801D8449}.Debug|Any CPU.Build.0 = Debug|Any CPU
		{BEB06AB9-03A8-4815-9717-004B801D8449}.Debug|ARM.ActiveCfg = Debug|ARM
		{BEB06AB9-03A8-4815-9717-004B801D8449}.Debug|ARM.Build.0 = Debug|ARM
		{BEB06AB9-03A8-4815-9717-004B801D8449}.Debug|ARM64.ActiveCfg = Debug|ARM64
		{BEB06AB9-03A8-4815-9717-004B801D8449}.Debug|ARM64.Build.0 = Debug|ARM64
		{BEB06AB9-03A8-4815-9717-004B801D8449}.Debug|iPhone.ActiveCfg = Debug|Any CPU
		{BEB06AB9-03A8-4815-9717-004B801D8449}.Debug|iPhone.Build.0 = Debug|Any CPU
		{BEB06AB9-03A8-4815-9717-004B801D8449}.Debug|iPhoneSimulator.ActiveCfg = Debug|Any CPU
		{BEB06AB9-03A8-4815-9717-004B801D8449}.Debug|iPhoneSimulator.Build.0 = Debug|Any CPU
		{BEB06AB9-03A8-4815-9717-004B801D8449}.Debug|x64.ActiveCfg = Debug|x64
		{BEB06AB9-03A8-4815-9717-004B801D8449}.Debug|x64.Build.0 = Debug|x64
		{BEB06AB9-03A8-4815-9717-004B801D8449}.Debug|x86.ActiveCfg = Debug|x86
		{BEB06AB9-03A8-4815-9717-004B801D8449}.Debug|x86.Build.0 = Debug|x86
		{BEB06AB9-03A8-4815-9717-004B801D8449}.Release|Any CPU.ActiveCfg = Release|Any CPU
		{BEB06AB9-03A8-4815-9717-004B801D8449}.Release|Any CPU.Build.0 = Release|Any CPU
		{BEB06AB9-03A8-4815-9717-004B801D8449}.Release|ARM.ActiveCfg = Release|ARM
		{BEB06AB9-03A8-4815-9717-004B801D8449}.Release|ARM.Build.0 = Release|ARM
		{BEB06AB9-03A8-4815-9717-004B801D8449}.Release|ARM64.ActiveCfg = Release|ARM64
		{BEB06AB9-03A8-4815-9717-004B801D8449}.Release|ARM64.Build.0 = Release|ARM64
		{BEB06AB9-03A8-4815-9717-004B801D8449}.Release|iPhone.ActiveCfg = Release|Any CPU
		{BEB06AB9-03A8-4815-9717-004B801D8449}.Release|iPhone.Build.0 = Release|Any CPU
		{BEB06AB9-03A8-4815-9717-004B801D8449}.Release|iPhoneSimulator.ActiveCfg = Release|Any CPU
		{BEB06AB9-03A8-4815-9717-004B801D8449}.Release|iPhoneSimulator.Build.0 = Release|Any CPU
		{BEB06AB9-03A8-4815-9717-004B801D8449}.Release|x64.ActiveCfg = Release|x64
		{BEB06AB9-03A8-4815-9717-004B801D8449}.Release|x64.Build.0 = Release|x64
		{BEB06AB9-03A8-4815-9717-004B801D8449}.Release|x86.ActiveCfg = Release|x86
		{BEB06AB9-03A8-4815-9717-004B801D8449}.Release|x86.Build.0 = Release|x86
		{2047EEEF-41B8-4788-AA9D-04BA6293F107}.Ad-Hoc|Any CPU.ActiveCfg = Release|x86
		{2047EEEF-41B8-4788-AA9D-04BA6293F107}.Ad-Hoc|Any CPU.Build.0 = Release|x86
		{2047EEEF-41B8-4788-AA9D-04BA6293F107}.Ad-Hoc|Any CPU.Deploy.0 = Release|x86
		{2047EEEF-41B8-4788-AA9D-04BA6293F107}.Ad-Hoc|ARM.ActiveCfg = Release|ARM
		{2047EEEF-41B8-4788-AA9D-04BA6293F107}.Ad-Hoc|ARM.Build.0 = Release|ARM
		{2047EEEF-41B8-4788-AA9D-04BA6293F107}.Ad-Hoc|ARM.Deploy.0 = Release|ARM
		{2047EEEF-41B8-4788-AA9D-04BA6293F107}.Ad-Hoc|ARM64.ActiveCfg = Release|x86
		{2047EEEF-41B8-4788-AA9D-04BA6293F107}.Ad-Hoc|ARM64.Build.0 = Release|x86
		{2047EEEF-41B8-4788-AA9D-04BA6293F107}.Ad-Hoc|ARM64.Deploy.0 = Release|x86
		{2047EEEF-41B8-4788-AA9D-04BA6293F107}.Ad-Hoc|iPhone.ActiveCfg = Release|x86
		{2047EEEF-41B8-4788-AA9D-04BA6293F107}.Ad-Hoc|iPhone.Build.0 = Release|x86
		{2047EEEF-41B8-4788-AA9D-04BA6293F107}.Ad-Hoc|iPhone.Deploy.0 = Release|x86
		{2047EEEF-41B8-4788-AA9D-04BA6293F107}.Ad-Hoc|iPhoneSimulator.ActiveCfg = Release|x86
		{2047EEEF-41B8-4788-AA9D-04BA6293F107}.Ad-Hoc|iPhoneSimulator.Build.0 = Release|x86
		{2047EEEF-41B8-4788-AA9D-04BA6293F107}.Ad-Hoc|iPhoneSimulator.Deploy.0 = Release|x86
		{2047EEEF-41B8-4788-AA9D-04BA6293F107}.Ad-Hoc|x64.ActiveCfg = Release|x64
		{2047EEEF-41B8-4788-AA9D-04BA6293F107}.Ad-Hoc|x64.Build.0 = Release|x64
		{2047EEEF-41B8-4788-AA9D-04BA6293F107}.Ad-Hoc|x64.Deploy.0 = Release|x64
		{2047EEEF-41B8-4788-AA9D-04BA6293F107}.Ad-Hoc|x86.ActiveCfg = Release|x86
		{2047EEEF-41B8-4788-AA9D-04BA6293F107}.Ad-Hoc|x86.Build.0 = Release|x86
		{2047EEEF-41B8-4788-AA9D-04BA6293F107}.Ad-Hoc|x86.Deploy.0 = Release|x86
		{2047EEEF-41B8-4788-AA9D-04BA6293F107}.AppStore|Any CPU.ActiveCfg = Release|x86
		{2047EEEF-41B8-4788-AA9D-04BA6293F107}.AppStore|Any CPU.Build.0 = Release|x86
		{2047EEEF-41B8-4788-AA9D-04BA6293F107}.AppStore|Any CPU.Deploy.0 = Release|x86
		{2047EEEF-41B8-4788-AA9D-04BA6293F107}.AppStore|ARM.ActiveCfg = Release|ARM
		{2047EEEF-41B8-4788-AA9D-04BA6293F107}.AppStore|ARM.Build.0 = Release|ARM
		{2047EEEF-41B8-4788-AA9D-04BA6293F107}.AppStore|ARM.Deploy.0 = Release|ARM
		{2047EEEF-41B8-4788-AA9D-04BA6293F107}.AppStore|ARM64.ActiveCfg = Release|x86
		{2047EEEF-41B8-4788-AA9D-04BA6293F107}.AppStore|ARM64.Build.0 = Release|x86
		{2047EEEF-41B8-4788-AA9D-04BA6293F107}.AppStore|ARM64.Deploy.0 = Release|x86
		{2047EEEF-41B8-4788-AA9D-04BA6293F107}.AppStore|iPhone.ActiveCfg = Release|x86
		{2047EEEF-41B8-4788-AA9D-04BA6293F107}.AppStore|iPhone.Build.0 = Release|x86
		{2047EEEF-41B8-4788-AA9D-04BA6293F107}.AppStore|iPhone.Deploy.0 = Release|x86
		{2047EEEF-41B8-4788-AA9D-04BA6293F107}.AppStore|iPhoneSimulator.ActiveCfg = Release|x86
		{2047EEEF-41B8-4788-AA9D-04BA6293F107}.AppStore|iPhoneSimulator.Build.0 = Release|x86
		{2047EEEF-41B8-4788-AA9D-04BA6293F107}.AppStore|iPhoneSimulator.Deploy.0 = Release|x86
		{2047EEEF-41B8-4788-AA9D-04BA6293F107}.AppStore|x64.ActiveCfg = Release|x64
		{2047EEEF-41B8-4788-AA9D-04BA6293F107}.AppStore|x64.Build.0 = Release|x64
		{2047EEEF-41B8-4788-AA9D-04BA6293F107}.AppStore|x64.Deploy.0 = Release|x64
		{2047EEEF-41B8-4788-AA9D-04BA6293F107}.AppStore|x86.ActiveCfg = Release|x86
		{2047EEEF-41B8-4788-AA9D-04BA6293F107}.AppStore|x86.Build.0 = Release|x86
		{2047EEEF-41B8-4788-AA9D-04BA6293F107}.AppStore|x86.Deploy.0 = Release|x86
		{2047EEEF-41B8-4788-AA9D-04BA6293F107}.Debug|Any CPU.ActiveCfg = Debug|x86
		{2047EEEF-41B8-4788-AA9D-04BA6293F107}.Debug|Any CPU.Build.0 = Debug|x86
		{2047EEEF-41B8-4788-AA9D-04BA6293F107}.Debug|ARM.ActiveCfg = Debug|ARM
		{2047EEEF-41B8-4788-AA9D-04BA6293F107}.Debug|ARM.Build.0 = Debug|ARM
		{2047EEEF-41B8-4788-AA9D-04BA6293F107}.Debug|ARM.Deploy.0 = Debug|ARM
		{2047EEEF-41B8-4788-AA9D-04BA6293F107}.Debug|ARM64.ActiveCfg = Debug|x86
		{2047EEEF-41B8-4788-AA9D-04BA6293F107}.Debug|iPhone.ActiveCfg = Debug|x86
		{2047EEEF-41B8-4788-AA9D-04BA6293F107}.Debug|iPhoneSimulator.ActiveCfg = Debug|x86
		{2047EEEF-41B8-4788-AA9D-04BA6293F107}.Debug|x64.ActiveCfg = Debug|x64
		{2047EEEF-41B8-4788-AA9D-04BA6293F107}.Debug|x64.Build.0 = Debug|x64
		{2047EEEF-41B8-4788-AA9D-04BA6293F107}.Debug|x64.Deploy.0 = Debug|x64
		{2047EEEF-41B8-4788-AA9D-04BA6293F107}.Debug|x86.ActiveCfg = Debug|x86
		{2047EEEF-41B8-4788-AA9D-04BA6293F107}.Debug|x86.Build.0 = Debug|x86
		{2047EEEF-41B8-4788-AA9D-04BA6293F107}.Debug|x86.Deploy.0 = Debug|x86
		{2047EEEF-41B8-4788-AA9D-04BA6293F107}.Release|Any CPU.ActiveCfg = Release|x86
		{2047EEEF-41B8-4788-AA9D-04BA6293F107}.Release|Any CPU.Build.0 = Release|x86
		{2047EEEF-41B8-4788-AA9D-04BA6293F107}.Release|Any CPU.Deploy.0 = Release|x86
		{2047EEEF-41B8-4788-AA9D-04BA6293F107}.Release|ARM.ActiveCfg = Release|ARM
		{2047EEEF-41B8-4788-AA9D-04BA6293F107}.Release|ARM.Build.0 = Release|ARM
		{2047EEEF-41B8-4788-AA9D-04BA6293F107}.Release|ARM.Deploy.0 = Release|ARM
		{2047EEEF-41B8-4788-AA9D-04BA6293F107}.Release|ARM64.ActiveCfg = Release|x86
		{2047EEEF-41B8-4788-AA9D-04BA6293F107}.Release|iPhone.ActiveCfg = Release|x86
		{2047EEEF-41B8-4788-AA9D-04BA6293F107}.Release|iPhoneSimulator.ActiveCfg = Release|x86
		{2047EEEF-41B8-4788-AA9D-04BA6293F107}.Release|x64.ActiveCfg = Release|x64
		{2047EEEF-41B8-4788-AA9D-04BA6293F107}.Release|x64.Build.0 = Release|x64
		{2047EEEF-41B8-4788-AA9D-04BA6293F107}.Release|x64.Deploy.0 = Release|x64
		{2047EEEF-41B8-4788-AA9D-04BA6293F107}.Release|x86.ActiveCfg = Release|x86
		{2047EEEF-41B8-4788-AA9D-04BA6293F107}.Release|x86.Build.0 = Release|x86
		{2047EEEF-41B8-4788-AA9D-04BA6293F107}.Release|x86.Deploy.0 = Release|x86
		{C0DF0F16-6025-405F-95A0-DF9A0E995B65}.Ad-Hoc|Any CPU.ActiveCfg = Debug|Any CPU
		{C0DF0F16-6025-405F-95A0-DF9A0E995B65}.Ad-Hoc|Any CPU.Build.0 = Debug|Any CPU
		{C0DF0F16-6025-405F-95A0-DF9A0E995B65}.Ad-Hoc|ARM.ActiveCfg = Debug|Any CPU
		{C0DF0F16-6025-405F-95A0-DF9A0E995B65}.Ad-Hoc|ARM.Build.0 = Debug|Any CPU
		{C0DF0F16-6025-405F-95A0-DF9A0E995B65}.Ad-Hoc|ARM64.ActiveCfg = Debug|Any CPU
		{C0DF0F16-6025-405F-95A0-DF9A0E995B65}.Ad-Hoc|ARM64.Build.0 = Debug|Any CPU
		{C0DF0F16-6025-405F-95A0-DF9A0E995B65}.Ad-Hoc|iPhone.ActiveCfg = Debug|Any CPU
		{C0DF0F16-6025-405F-95A0-DF9A0E995B65}.Ad-Hoc|iPhone.Build.0 = Debug|Any CPU
		{C0DF0F16-6025-405F-95A0-DF9A0E995B65}.Ad-Hoc|iPhoneSimulator.ActiveCfg = Debug|Any CPU
		{C0DF0F16-6025-405F-95A0-DF9A0E995B65}.Ad-Hoc|iPhoneSimulator.Build.0 = Debug|Any CPU
		{C0DF0F16-6025-405F-95A0-DF9A0E995B65}.Ad-Hoc|x64.ActiveCfg = Debug|Any CPU
		{C0DF0F16-6025-405F-95A0-DF9A0E995B65}.Ad-Hoc|x64.Build.0 = Debug|Any CPU
		{C0DF0F16-6025-405F-95A0-DF9A0E995B65}.Ad-Hoc|x86.ActiveCfg = Debug|Any CPU
		{C0DF0F16-6025-405F-95A0-DF9A0E995B65}.Ad-Hoc|x86.Build.0 = Debug|Any CPU
		{C0DF0F16-6025-405F-95A0-DF9A0E995B65}.AppStore|Any CPU.ActiveCfg = Debug|Any CPU
		{C0DF0F16-6025-405F-95A0-DF9A0E995B65}.AppStore|Any CPU.Build.0 = Debug|Any CPU
		{C0DF0F16-6025-405F-95A0-DF9A0E995B65}.AppStore|ARM.ActiveCfg = Debug|Any CPU
		{C0DF0F16-6025-405F-95A0-DF9A0E995B65}.AppStore|ARM.Build.0 = Debug|Any CPU
		{C0DF0F16-6025-405F-95A0-DF9A0E995B65}.AppStore|ARM64.ActiveCfg = Debug|Any CPU
		{C0DF0F16-6025-405F-95A0-DF9A0E995B65}.AppStore|ARM64.Build.0 = Debug|Any CPU
		{C0DF0F16-6025-405F-95A0-DF9A0E995B65}.AppStore|iPhone.ActiveCfg = Debug|Any CPU
		{C0DF0F16-6025-405F-95A0-DF9A0E995B65}.AppStore|iPhone.Build.0 = Debug|Any CPU
		{C0DF0F16-6025-405F-95A0-DF9A0E995B65}.AppStore|iPhoneSimulator.ActiveCfg = Debug|Any CPU
		{C0DF0F16-6025-405F-95A0-DF9A0E995B65}.AppStore|iPhoneSimulator.Build.0 = Debug|Any CPU
		{C0DF0F16-6025-405F-95A0-DF9A0E995B65}.AppStore|x64.ActiveCfg = Debug|Any CPU
		{C0DF0F16-6025-405F-95A0-DF9A0E995B65}.AppStore|x64.Build.0 = Debug|Any CPU
		{C0DF0F16-6025-405F-95A0-DF9A0E995B65}.AppStore|x86.ActiveCfg = Debug|Any CPU
		{C0DF0F16-6025-405F-95A0-DF9A0E995B65}.AppStore|x86.Build.0 = Debug|Any CPU
		{C0DF0F16-6025-405F-95A0-DF9A0E995B65}.Debug|Any CPU.ActiveCfg = Debug|Any CPU
		{C0DF0F16-6025-405F-95A0-DF9A0E995B65}.Debug|Any CPU.Build.0 = Debug|Any CPU
		{C0DF0F16-6025-405F-95A0-DF9A0E995B65}.Debug|ARM.ActiveCfg = Debug|Any CPU
		{C0DF0F16-6025-405F-95A0-DF9A0E995B65}.Debug|ARM.Build.0 = Debug|Any CPU
		{C0DF0F16-6025-405F-95A0-DF9A0E995B65}.Debug|ARM64.ActiveCfg = Debug|Any CPU
		{C0DF0F16-6025-405F-95A0-DF9A0E995B65}.Debug|ARM64.Build.0 = Debug|Any CPU
		{C0DF0F16-6025-405F-95A0-DF9A0E995B65}.Debug|iPhone.ActiveCfg = Debug|Any CPU
		{C0DF0F16-6025-405F-95A0-DF9A0E995B65}.Debug|iPhone.Build.0 = Debug|Any CPU
		{C0DF0F16-6025-405F-95A0-DF9A0E995B65}.Debug|iPhoneSimulator.ActiveCfg = Debug|Any CPU
		{C0DF0F16-6025-405F-95A0-DF9A0E995B65}.Debug|iPhoneSimulator.Build.0 = Debug|Any CPU
		{C0DF0F16-6025-405F-95A0-DF9A0E995B65}.Debug|x64.ActiveCfg = Debug|Any CPU
		{C0DF0F16-6025-405F-95A0-DF9A0E995B65}.Debug|x64.Build.0 = Debug|Any CPU
		{C0DF0F16-6025-405F-95A0-DF9A0E995B65}.Debug|x86.ActiveCfg = Debug|Any CPU
		{C0DF0F16-6025-405F-95A0-DF9A0E995B65}.Debug|x86.Build.0 = Debug|Any CPU
		{C0DF0F16-6025-405F-95A0-DF9A0E995B65}.Release|Any CPU.ActiveCfg = Release|Any CPU
		{C0DF0F16-6025-405F-95A0-DF9A0E995B65}.Release|Any CPU.Build.0 = Release|Any CPU
		{C0DF0F16-6025-405F-95A0-DF9A0E995B65}.Release|ARM.ActiveCfg = Release|Any CPU
		{C0DF0F16-6025-405F-95A0-DF9A0E995B65}.Release|ARM.Build.0 = Release|Any CPU
		{C0DF0F16-6025-405F-95A0-DF9A0E995B65}.Release|ARM64.ActiveCfg = Release|Any CPU
		{C0DF0F16-6025-405F-95A0-DF9A0E995B65}.Release|ARM64.Build.0 = Release|Any CPU
		{C0DF0F16-6025-405F-95A0-DF9A0E995B65}.Release|iPhone.ActiveCfg = Release|Any CPU
		{C0DF0F16-6025-405F-95A0-DF9A0E995B65}.Release|iPhone.Build.0 = Release|Any CPU
		{C0DF0F16-6025-405F-95A0-DF9A0E995B65}.Release|iPhoneSimulator.ActiveCfg = Release|Any CPU
		{C0DF0F16-6025-405F-95A0-DF9A0E995B65}.Release|iPhoneSimulator.Build.0 = Release|Any CPU
		{C0DF0F16-6025-405F-95A0-DF9A0E995B65}.Release|x64.ActiveCfg = Release|Any CPU
		{C0DF0F16-6025-405F-95A0-DF9A0E995B65}.Release|x64.Build.0 = Release|Any CPU
		{C0DF0F16-6025-405F-95A0-DF9A0E995B65}.Release|x86.ActiveCfg = Release|Any CPU
		{C0DF0F16-6025-405F-95A0-DF9A0E995B65}.Release|x86.Build.0 = Release|Any CPU
		{BABCE468-E34B-46AA-9F12-A7B4408F8C7B}.Ad-Hoc|Any CPU.ActiveCfg = Debug|Any CPU
		{BABCE468-E34B-46AA-9F12-A7B4408F8C7B}.Ad-Hoc|Any CPU.Build.0 = Debug|Any CPU
		{BABCE468-E34B-46AA-9F12-A7B4408F8C7B}.Ad-Hoc|ARM.ActiveCfg = Debug|Any CPU
		{BABCE468-E34B-46AA-9F12-A7B4408F8C7B}.Ad-Hoc|ARM.Build.0 = Debug|Any CPU
		{BABCE468-E34B-46AA-9F12-A7B4408F8C7B}.Ad-Hoc|ARM64.ActiveCfg = Debug|Any CPU
		{BABCE468-E34B-46AA-9F12-A7B4408F8C7B}.Ad-Hoc|ARM64.Build.0 = Debug|Any CPU
		{BABCE468-E34B-46AA-9F12-A7B4408F8C7B}.Ad-Hoc|iPhone.ActiveCfg = Debug|Any CPU
		{BABCE468-E34B-46AA-9F12-A7B4408F8C7B}.Ad-Hoc|iPhone.Build.0 = Debug|Any CPU
		{BABCE468-E34B-46AA-9F12-A7B4408F8C7B}.Ad-Hoc|iPhoneSimulator.ActiveCfg = Debug|Any CPU
		{BABCE468-E34B-46AA-9F12-A7B4408F8C7B}.Ad-Hoc|iPhoneSimulator.Build.0 = Debug|Any CPU
		{BABCE468-E34B-46AA-9F12-A7B4408F8C7B}.Ad-Hoc|x64.ActiveCfg = Debug|Any CPU
		{BABCE468-E34B-46AA-9F12-A7B4408F8C7B}.Ad-Hoc|x64.Build.0 = Debug|Any CPU
		{BABCE468-E34B-46AA-9F12-A7B4408F8C7B}.Ad-Hoc|x86.ActiveCfg = Debug|Any CPU
		{BABCE468-E34B-46AA-9F12-A7B4408F8C7B}.Ad-Hoc|x86.Build.0 = Debug|Any CPU
		{BABCE468-E34B-46AA-9F12-A7B4408F8C7B}.AppStore|Any CPU.ActiveCfg = Debug|Any CPU
		{BABCE468-E34B-46AA-9F12-A7B4408F8C7B}.AppStore|Any CPU.Build.0 = Debug|Any CPU
		{BABCE468-E34B-46AA-9F12-A7B4408F8C7B}.AppStore|ARM.ActiveCfg = Debug|Any CPU
		{BABCE468-E34B-46AA-9F12-A7B4408F8C7B}.AppStore|ARM.Build.0 = Debug|Any CPU
		{BABCE468-E34B-46AA-9F12-A7B4408F8C7B}.AppStore|ARM64.ActiveCfg = Debug|Any CPU
		{BABCE468-E34B-46AA-9F12-A7B4408F8C7B}.AppStore|ARM64.Build.0 = Debug|Any CPU
		{BABCE468-E34B-46AA-9F12-A7B4408F8C7B}.AppStore|iPhone.ActiveCfg = Debug|Any CPU
		{BABCE468-E34B-46AA-9F12-A7B4408F8C7B}.AppStore|iPhone.Build.0 = Debug|Any CPU
		{BABCE468-E34B-46AA-9F12-A7B4408F8C7B}.AppStore|iPhoneSimulator.ActiveCfg = Debug|Any CPU
		{BABCE468-E34B-46AA-9F12-A7B4408F8C7B}.AppStore|iPhoneSimulator.Build.0 = Debug|Any CPU
		{BABCE468-E34B-46AA-9F12-A7B4408F8C7B}.AppStore|x64.ActiveCfg = Debug|Any CPU
		{BABCE468-E34B-46AA-9F12-A7B4408F8C7B}.AppStore|x64.Build.0 = Debug|Any CPU
		{BABCE468-E34B-46AA-9F12-A7B4408F8C7B}.AppStore|x86.ActiveCfg = Debug|Any CPU
		{BABCE468-E34B-46AA-9F12-A7B4408F8C7B}.AppStore|x86.Build.0 = Debug|Any CPU
		{BABCE468-E34B-46AA-9F12-A7B4408F8C7B}.Debug|Any CPU.ActiveCfg = Debug|Any CPU
		{BABCE468-E34B-46AA-9F12-A7B4408F8C7B}.Debug|Any CPU.Build.0 = Debug|Any CPU
		{BABCE468-E34B-46AA-9F12-A7B4408F8C7B}.Debug|ARM.ActiveCfg = Debug|Any CPU
		{BABCE468-E34B-46AA-9F12-A7B4408F8C7B}.Debug|ARM.Build.0 = Debug|Any CPU
		{BABCE468-E34B-46AA-9F12-A7B4408F8C7B}.Debug|ARM64.ActiveCfg = Debug|Any CPU
		{BABCE468-E34B-46AA-9F12-A7B4408F8C7B}.Debug|ARM64.Build.0 = Debug|Any CPU
		{BABCE468-E34B-46AA-9F12-A7B4408F8C7B}.Debug|iPhone.ActiveCfg = Debug|Any CPU
		{BABCE468-E34B-46AA-9F12-A7B4408F8C7B}.Debug|iPhone.Build.0 = Debug|Any CPU
		{BABCE468-E34B-46AA-9F12-A7B4408F8C7B}.Debug|iPhoneSimulator.ActiveCfg = Debug|Any CPU
		{BABCE468-E34B-46AA-9F12-A7B4408F8C7B}.Debug|iPhoneSimulator.Build.0 = Debug|Any CPU
		{BABCE468-E34B-46AA-9F12-A7B4408F8C7B}.Debug|x64.ActiveCfg = Debug|Any CPU
		{BABCE468-E34B-46AA-9F12-A7B4408F8C7B}.Debug|x64.Build.0 = Debug|Any CPU
		{BABCE468-E34B-46AA-9F12-A7B4408F8C7B}.Debug|x86.ActiveCfg = Debug|Any CPU
		{BABCE468-E34B-46AA-9F12-A7B4408F8C7B}.Debug|x86.Build.0 = Debug|Any CPU
		{BABCE468-E34B-46AA-9F12-A7B4408F8C7B}.Release|Any CPU.ActiveCfg = Release|Any CPU
		{BABCE468-E34B-46AA-9F12-A7B4408F8C7B}.Release|Any CPU.Build.0 = Release|Any CPU
		{BABCE468-E34B-46AA-9F12-A7B4408F8C7B}.Release|ARM.ActiveCfg = Release|Any CPU
		{BABCE468-E34B-46AA-9F12-A7B4408F8C7B}.Release|ARM.Build.0 = Release|Any CPU
		{BABCE468-E34B-46AA-9F12-A7B4408F8C7B}.Release|ARM64.ActiveCfg = Release|Any CPU
		{BABCE468-E34B-46AA-9F12-A7B4408F8C7B}.Release|ARM64.Build.0 = Release|Any CPU
		{BABCE468-E34B-46AA-9F12-A7B4408F8C7B}.Release|iPhone.ActiveCfg = Release|Any CPU
		{BABCE468-E34B-46AA-9F12-A7B4408F8C7B}.Release|iPhone.Build.0 = Release|Any CPU
		{BABCE468-E34B-46AA-9F12-A7B4408F8C7B}.Release|iPhoneSimulator.ActiveCfg = Release|Any CPU
		{BABCE468-E34B-46AA-9F12-A7B4408F8C7B}.Release|iPhoneSimulator.Build.0 = Release|Any CPU
		{BABCE468-E34B-46AA-9F12-A7B4408F8C7B}.Release|x64.ActiveCfg = Release|Any CPU
		{BABCE468-E34B-46AA-9F12-A7B4408F8C7B}.Release|x64.Build.0 = Release|Any CPU
		{BABCE468-E34B-46AA-9F12-A7B4408F8C7B}.Release|x86.ActiveCfg = Release|Any CPU
		{BABCE468-E34B-46AA-9F12-A7B4408F8C7B}.Release|x86.Build.0 = Release|Any CPU
	EndGlobalSection
	GlobalSection(SolutionProperties) = preSolution
		HideSolutionNode = FALSE
	EndGlobalSection
	GlobalSection(NestedProjects) = preSolution
		{4D7E9698-A348-4BB9-BD7E-0F7C186957C6} = {EF61BCB0-D932-4728-BF2E-44242EB506F1}
		{13499E8A-F932-42C4-B0B8-1360CDB0D575} = {EF61BCB0-D932-4728-BF2E-44242EB506F1}
		{C4C17DAF-21A6-4801-8D85-BA14B453DD8A} = {EF61BCB0-D932-4728-BF2E-44242EB506F1}
		{2047EEEF-41B8-4788-AA9D-04BA6293F107} = {EF61BCB0-D932-4728-BF2E-44242EB506F1}
		{BABCE468-E34B-46AA-9F12-A7B4408F8C7B} = {501AF58F-DFC6-47B6-808D-2DDC60003443}
	EndGlobalSection
	GlobalSection(ExtensibilityGlobals) = postSolution
		SolutionGuid = {2E72317A-03B1-4ABE-BF00-00552F604B84}
	EndGlobalSection
EndGlobal
